// !$*UTF8*$!
{
	archiveVersion = 1;
	classes = {
	};
	objectVersion = 46;
	objects = {

/* Begin PBXBuildFile section */
		800D622562254F001C045855 /* Pods_GiterTests.framework in Frameworks */ = {isa = PBXBuildFile; fileRef = 4926CD92320210B7FAF1BABE /* Pods_GiterTests.framework */; };
		B8730CAA0770DBAAC07915B6 /* Pods_GiterUITests.framework in Frameworks */ = {isa = PBXBuildFile; fileRef = 41CE72AA7B802C0A54B95403 /* Pods_GiterUITests.framework */; };
		C35F3D471F3C62B200E87A27 /* GoogleService-Info.plist in Resources */ = {isa = PBXBuildFile; fileRef = C35F3D461F3C62B200E87A27 /* GoogleService-Info.plist */; };
		C35F3D501F3C821F00E87A27 /* LoginViewController.swift in Sources */ = {isa = PBXBuildFile; fileRef = C35F3D4F1F3C821F00E87A27 /* LoginViewController.swift */; };
		C39FB7CB1F262A2E000928B2 /* TextViewController.swift in Sources */ = {isa = PBXBuildFile; fileRef = C39FB7CA1F262A2E000928B2 /* TextViewController.swift */; };
		C3AC5E1F1F33607600284866 /* AccessData.swift in Sources */ = {isa = PBXBuildFile; fileRef = C3AC5E1E1F33607500284866 /* AccessData.swift */; };
		C3BA8CFB1F120DCD0082CB6C /* AppDelegate.swift in Sources */ = {isa = PBXBuildFile; fileRef = C3BA8CFA1F120DCD0082CB6C /* AppDelegate.swift */; };
		C3BA8CFD1F120DCD0082CB6C /* ViewController.swift in Sources */ = {isa = PBXBuildFile; fileRef = C3BA8CFC1F120DCD0082CB6C /* ViewController.swift */; };
		C3BA8D001F120DCD0082CB6C /* Main.storyboard in Resources */ = {isa = PBXBuildFile; fileRef = C3BA8CFE1F120DCD0082CB6C /* Main.storyboard */; };
		C3BA8D021F120DCD0082CB6C /* Assets.xcassets in Resources */ = {isa = PBXBuildFile; fileRef = C3BA8D011F120DCD0082CB6C /* Assets.xcassets */; };
		C3BA8D051F120DCD0082CB6C /* LaunchScreen.storyboard in Resources */ = {isa = PBXBuildFile; fileRef = C3BA8D031F120DCD0082CB6C /* LaunchScreen.storyboard */; };
		C3BA8D101F120DCD0082CB6C /* GiterTests.swift in Sources */ = {isa = PBXBuildFile; fileRef = C3BA8D0F1F120DCD0082CB6C /* GiterTests.swift */; };
		C3BA8D1B1F120DCD0082CB6C /* GiterUITests.swift in Sources */ = {isa = PBXBuildFile; fileRef = C3BA8D1A1F120DCD0082CB6C /* GiterUITests.swift */; };
		C3BA8D2B1F1211DD0082CB6C /* ManagerData.swift in Sources */ = {isa = PBXBuildFile; fileRef = C3BA8D2A1F1211DD0082CB6C /* ManagerData.swift */; };
		C3BF2D6C1F1CB30E00AF35D9 /* SelfRepository.swift in Sources */ = {isa = PBXBuildFile; fileRef = C3BF2D6B1F1CB30E00AF35D9 /* SelfRepository.swift */; };
		C3BF2D6E1F1CCD8700AF35D9 /* RepoData.swift in Sources */ = {isa = PBXBuildFile; fileRef = C3BF2D6D1F1CCD8700AF35D9 /* RepoData.swift */; };
		C3E8A6301F36CD7A00B7903A /* FileData.swift in Sources */ = {isa = PBXBuildFile; fileRef = C3E8A62F1F36CD7A00B7903A /* FileData.swift */; };
		D36CF93C7B4BD261396CFFD7 /* Pods_Giter.framework in Frameworks */ = {isa = PBXBuildFile; fileRef = B5C32075610312FD02D3B847 /* Pods_Giter.framework */; };
/* End PBXBuildFile section */

/* Begin PBXContainerItemProxy section */
		C3BA8D0C1F120DCD0082CB6C /* PBXContainerItemProxy */ = {
			isa = PBXContainerItemProxy;
			containerPortal = C3BA8CEF1F120DCD0082CB6C /* Project object */;
			proxyType = 1;
			remoteGlobalIDString = C3BA8CF61F120DCD0082CB6C;
			remoteInfo = Giter;
		};
		C3BA8D171F120DCD0082CB6C /* PBXContainerItemProxy */ = {
			isa = PBXContainerItemProxy;
			containerPortal = C3BA8CEF1F120DCD0082CB6C /* Project object */;
			proxyType = 1;
			remoteGlobalIDString = C3BA8CF61F120DCD0082CB6C;
			remoteInfo = Giter;
		};
/* End PBXContainerItemProxy section */

/* Begin PBXFileReference section */
		1D63590375DF7CC1AC97B746 /* Pods-GiterUITests.release.xcconfig */ = {isa = PBXFileReference; includeInIndex = 1; lastKnownFileType = text.xcconfig; name = "Pods-GiterUITests.release.xcconfig"; path = "Pods/Target Support Files/Pods-GiterUITests/Pods-GiterUITests.release.xcconfig"; sourceTree = "<group>"; };
		1F9D049B7A918BFF431EAE6F /* Pods-Giter.release.xcconfig */ = {isa = PBXFileReference; includeInIndex = 1; lastKnownFileType = text.xcconfig; name = "Pods-Giter.release.xcconfig"; path = "Pods/Target Support Files/Pods-Giter/Pods-Giter.release.xcconfig"; sourceTree = "<group>"; };
		251A053D720D5DE50F6A38A2 /* Pods-GiterUITests.debug.xcconfig */ = {isa = PBXFileReference; includeInIndex = 1; lastKnownFileType = text.xcconfig; name = "Pods-GiterUITests.debug.xcconfig"; path = "Pods/Target Support Files/Pods-GiterUITests/Pods-GiterUITests.debug.xcconfig"; sourceTree = "<group>"; };
		41CE72AA7B802C0A54B95403 /* Pods_GiterUITests.framework */ = {isa = PBXFileReference; explicitFileType = wrapper.framework; includeInIndex = 0; path = Pods_GiterUITests.framework; sourceTree = BUILT_PRODUCTS_DIR; };
		4926CD92320210B7FAF1BABE /* Pods_GiterTests.framework */ = {isa = PBXFileReference; explicitFileType = wrapper.framework; includeInIndex = 0; path = Pods_GiterTests.framework; sourceTree = BUILT_PRODUCTS_DIR; };
		63A980C46EF117EFB6467F8A /* Pods-GiterTests.debug.xcconfig */ = {isa = PBXFileReference; includeInIndex = 1; lastKnownFileType = text.xcconfig; name = "Pods-GiterTests.debug.xcconfig"; path = "Pods/Target Support Files/Pods-GiterTests/Pods-GiterTests.debug.xcconfig"; sourceTree = "<group>"; };
		9119DF54D1E3A31DA453E560 /* Pods-GiterTests.release.xcconfig */ = {isa = PBXFileReference; includeInIndex = 1; lastKnownFileType = text.xcconfig; name = "Pods-GiterTests.release.xcconfig"; path = "Pods/Target Support Files/Pods-GiterTests/Pods-GiterTests.release.xcconfig"; sourceTree = "<group>"; };
		B5C32075610312FD02D3B847 /* Pods_Giter.framework */ = {isa = PBXFileReference; explicitFileType = wrapper.framework; includeInIndex = 0; path = Pods_Giter.framework; sourceTree = BUILT_PRODUCTS_DIR; };
		C35F3D461F3C62B200E87A27 /* GoogleService-Info.plist */ = {isa = PBXFileReference; fileEncoding = 4; lastKnownFileType = text.plist.xml; path = "GoogleService-Info.plist"; sourceTree = "<group>"; };
		C35F3D4A1F3C74E400E87A27 /* Giter-Bridging-Header.h */ = {isa = PBXFileReference; lastKnownFileType = sourcecode.c.h; path = "Giter-Bridging-Header.h"; sourceTree = "<group>"; };
		C35F3D4F1F3C821F00E87A27 /* LoginViewController.swift */ = {isa = PBXFileReference; fileEncoding = 4; lastKnownFileType = sourcecode.swift; path = LoginViewController.swift; sourceTree = "<group>"; };
		C39FB7CA1F262A2E000928B2 /* TextViewController.swift */ = {isa = PBXFileReference; fileEncoding = 4; lastKnownFileType = sourcecode.swift; path = TextViewController.swift; sourceTree = "<group>"; };
		C3AC5E1E1F33607500284866 /* AccessData.swift */ = {isa = PBXFileReference; fileEncoding = 4; lastKnownFileType = sourcecode.swift; path = AccessData.swift; sourceTree = "<group>"; };
		C3BA8CF71F120DCD0082CB6C /* Giter.app */ = {isa = PBXFileReference; explicitFileType = wrapper.application; includeInIndex = 0; path = Giter.app; sourceTree = BUILT_PRODUCTS_DIR; };
		C3BA8CFA1F120DCD0082CB6C /* AppDelegate.swift */ = {isa = PBXFileReference; lastKnownFileType = sourcecode.swift; path = AppDelegate.swift; sourceTree = "<group>"; };
		C3BA8CFC1F120DCD0082CB6C /* ViewController.swift */ = {isa = PBXFileReference; lastKnownFileType = sourcecode.swift; path = ViewController.swift; sourceTree = "<group>"; };
		C3BA8CFF1F120DCD0082CB6C /* Base */ = {isa = PBXFileReference; lastKnownFileType = file.storyboard; name = Base; path = Base.lproj/Main.storyboard; sourceTree = "<group>"; };
		C3BA8D011F120DCD0082CB6C /* Assets.xcassets */ = {isa = PBXFileReference; lastKnownFileType = folder.assetcatalog; path = Assets.xcassets; sourceTree = "<group>"; };
		C3BA8D041F120DCD0082CB6C /* Base */ = {isa = PBXFileReference; lastKnownFileType = file.storyboard; name = Base; path = Base.lproj/LaunchScreen.storyboard; sourceTree = "<group>"; };
		C3BA8D061F120DCD0082CB6C /* Info.plist */ = {isa = PBXFileReference; lastKnownFileType = text.plist.xml; path = Info.plist; sourceTree = "<group>"; };
		C3BA8D0B1F120DCD0082CB6C /* GiterTests.xctest */ = {isa = PBXFileReference; explicitFileType = wrapper.cfbundle; includeInIndex = 0; path = GiterTests.xctest; sourceTree = BUILT_PRODUCTS_DIR; };
		C3BA8D0F1F120DCD0082CB6C /* GiterTests.swift */ = {isa = PBXFileReference; lastKnownFileType = sourcecode.swift; path = GiterTests.swift; sourceTree = "<group>"; };
		C3BA8D111F120DCD0082CB6C /* Info.plist */ = {isa = PBXFileReference; lastKnownFileType = text.plist.xml; path = Info.plist; sourceTree = "<group>"; };
		C3BA8D161F120DCD0082CB6C /* GiterUITests.xctest */ = {isa = PBXFileReference; explicitFileType = wrapper.cfbundle; includeInIndex = 0; path = GiterUITests.xctest; sourceTree = BUILT_PRODUCTS_DIR; };
		C3BA8D1A1F120DCD0082CB6C /* GiterUITests.swift */ = {isa = PBXFileReference; lastKnownFileType = sourcecode.swift; path = GiterUITests.swift; sourceTree = "<group>"; };
		C3BA8D1C1F120DCD0082CB6C /* Info.plist */ = {isa = PBXFileReference; lastKnownFileType = text.plist.xml; path = Info.plist; sourceTree = "<group>"; };
		C3BA8D2A1F1211DD0082CB6C /* ManagerData.swift */ = {isa = PBXFileReference; fileEncoding = 4; lastKnownFileType = sourcecode.swift; path = ManagerData.swift; sourceTree = "<group>"; };
		C3BF2D6B1F1CB30E00AF35D9 /* SelfRepository.swift */ = {isa = PBXFileReference; fileEncoding = 4; lastKnownFileType = sourcecode.swift; path = SelfRepository.swift; sourceTree = "<group>"; };
		C3BF2D6D1F1CCD8700AF35D9 /* RepoData.swift */ = {isa = PBXFileReference; fileEncoding = 4; lastKnownFileType = sourcecode.swift; path = RepoData.swift; sourceTree = "<group>"; };
		C3E8A62F1F36CD7A00B7903A /* FileData.swift */ = {isa = PBXFileReference; fileEncoding = 4; lastKnownFileType = sourcecode.swift; path = FileData.swift; sourceTree = "<group>"; };
		DDDD20B8055AD90C054C0769 /* Pods-Giter.debug.xcconfig */ = {isa = PBXFileReference; includeInIndex = 1; lastKnownFileType = text.xcconfig; name = "Pods-Giter.debug.xcconfig"; path = "Pods/Target Support Files/Pods-Giter/Pods-Giter.debug.xcconfig"; sourceTree = "<group>"; };
/* End PBXFileReference section */

/* Begin PBXFrameworksBuildPhase section */
		C3BA8CF41F120DCD0082CB6C /* Frameworks */ = {
			isa = PBXFrameworksBuildPhase;
			buildActionMask = 2147483647;
			files = (
				D36CF93C7B4BD261396CFFD7 /* Pods_Giter.framework in Frameworks */,
			);
			runOnlyForDeploymentPostprocessing = 0;
		};
		C3BA8D081F120DCD0082CB6C /* Frameworks */ = {
			isa = PBXFrameworksBuildPhase;
			buildActionMask = 2147483647;
			files = (
				800D622562254F001C045855 /* Pods_GiterTests.framework in Frameworks */,
			);
			runOnlyForDeploymentPostprocessing = 0;
		};
		C3BA8D131F120DCD0082CB6C /* Frameworks */ = {
			isa = PBXFrameworksBuildPhase;
			buildActionMask = 2147483647;
			files = (
				B8730CAA0770DBAAC07915B6 /* Pods_GiterUITests.framework in Frameworks */,
			);
			runOnlyForDeploymentPostprocessing = 0;
		};
/* End PBXFrameworksBuildPhase section */

/* Begin PBXGroup section */
		96D2C6A913FBED4EDD07BDDA /* Pods */ = {
			isa = PBXGroup;
			children = (
				DDDD20B8055AD90C054C0769 /* Pods-Giter.debug.xcconfig */,
				1F9D049B7A918BFF431EAE6F /* Pods-Giter.release.xcconfig */,
				63A980C46EF117EFB6467F8A /* Pods-GiterTests.debug.xcconfig */,
				9119DF54D1E3A31DA453E560 /* Pods-GiterTests.release.xcconfig */,
				251A053D720D5DE50F6A38A2 /* Pods-GiterUITests.debug.xcconfig */,
				1D63590375DF7CC1AC97B746 /* Pods-GiterUITests.release.xcconfig */,
			);
			name = Pods;
			sourceTree = "<group>";
		};
		C3BA8CEE1F120DCD0082CB6C = {
			isa = PBXGroup;
			children = (
				C3BA8CF91F120DCD0082CB6C /* Giter */,
				C3BA8D0E1F120DCD0082CB6C /* GiterTests */,
				C3BA8D191F120DCD0082CB6C /* GiterUITests */,
				C3BA8CF81F120DCD0082CB6C /* Products */,
				96D2C6A913FBED4EDD07BDDA /* Pods */,
				DFC50BC279734EB745E21869 /* Frameworks */,
			);
			sourceTree = "<group>";
		};
		C3BA8CF81F120DCD0082CB6C /* Products */ = {
			isa = PBXGroup;
			children = (
				C3BA8CF71F120DCD0082CB6C /* Giter.app */,
				C3BA8D0B1F120DCD0082CB6C /* GiterTests.xctest */,
				C3BA8D161F120DCD0082CB6C /* GiterUITests.xctest */,
			);
			name = Products;
			sourceTree = "<group>";
		};
		C3BA8CF91F120DCD0082CB6C /* Giter */ = {
			isa = PBXGroup;
			children = (
				C3BA8CFA1F120DCD0082CB6C /* AppDelegate.swift */,
				C3BA8CFC1F120DCD0082CB6C /* ViewController.swift */,
				C3AC5E1E1F33607500284866 /* AccessData.swift */,
				C39FB7CA1F262A2E000928B2 /* TextViewController.swift */,
				C35F3D4F1F3C821F00E87A27 /* LoginViewController.swift */,
				C3BF2D6B1F1CB30E00AF35D9 /* SelfRepository.swift */,
				C3BF2D6D1F1CCD8700AF35D9 /* RepoData.swift */,
				C3BA8D2A1F1211DD0082CB6C /* ManagerData.swift */,
				C3E8A62F1F36CD7A00B7903A /* FileData.swift */,
				C3BA8CFE1F120DCD0082CB6C /* Main.storyboard */,
				C35F3D461F3C62B200E87A27 /* GoogleService-Info.plist */,
				C3BA8D011F120DCD0082CB6C /* Assets.xcassets */,
				C3BA8D031F120DCD0082CB6C /* LaunchScreen.storyboard */,
				C3BA8D061F120DCD0082CB6C /* Info.plist */,
				C35F3D4A1F3C74E400E87A27 /* Giter-Bridging-Header.h */,
			);
			path = Giter;
			sourceTree = "<group>";
		};
		C3BA8D0E1F120DCD0082CB6C /* GiterTests */ = {
			isa = PBXGroup;
			children = (
				C3BA8D0F1F120DCD0082CB6C /* GiterTests.swift */,
				C3BA8D111F120DCD0082CB6C /* Info.plist */,
			);
			path = GiterTests;
			sourceTree = "<group>";
		};
		C3BA8D191F120DCD0082CB6C /* GiterUITests */ = {
			isa = PBXGroup;
			children = (
				C3BA8D1A1F120DCD0082CB6C /* GiterUITests.swift */,
				C3BA8D1C1F120DCD0082CB6C /* Info.plist */,
			);
			path = GiterUITests;
			sourceTree = "<group>";
		};
		DFC50BC279734EB745E21869 /* Frameworks */ = {
			isa = PBXGroup;
			children = (
				B5C32075610312FD02D3B847 /* Pods_Giter.framework */,
				4926CD92320210B7FAF1BABE /* Pods_GiterTests.framework */,
				41CE72AA7B802C0A54B95403 /* Pods_GiterUITests.framework */,
			);
			name = Frameworks;
			sourceTree = "<group>";
		};
/* End PBXGroup section */

/* Begin PBXNativeTarget section */
		C3BA8CF61F120DCD0082CB6C /* Giter */ = {
			isa = PBXNativeTarget;
			buildConfigurationList = C3BA8D1F1F120DCD0082CB6C /* Build configuration list for PBXNativeTarget "Giter" */;
			buildPhases = (
				5A3F89AFC657A83933F4FCEB /* [CP] Check Pods Manifest.lock */,
				C3BA8CF31F120DCD0082CB6C /* Sources */,
				C3BA8CF41F120DCD0082CB6C /* Frameworks */,
				C3BA8CF51F120DCD0082CB6C /* Resources */,
				D85BAF799E75303B90E2190B /* [CP] Embed Pods Frameworks */,
				466C3560CE4F376B5DB3C441 /* [CP] Copy Pods Resources */,
			);
			buildRules = (
			);
			dependencies = (
			);
			name = Giter;
			productName = Giter;
			productReference = C3BA8CF71F120DCD0082CB6C /* Giter.app */;
			productType = "com.apple.product-type.application";
		};
		C3BA8D0A1F120DCD0082CB6C /* GiterTests */ = {
			isa = PBXNativeTarget;
			buildConfigurationList = C3BA8D221F120DCD0082CB6C /* Build configuration list for PBXNativeTarget "GiterTests" */;
			buildPhases = (
				AE0E6014E3E994C7AC3D41A0 /* [CP] Check Pods Manifest.lock */,
				C3BA8D071F120DCD0082CB6C /* Sources */,
				C3BA8D081F120DCD0082CB6C /* Frameworks */,
				C3BA8D091F120DCD0082CB6C /* Resources */,
				2C2FF061E5881A63D7ED2132 /* [CP] Embed Pods Frameworks */,
				4A1FE13E946802ABABB2ACFE /* [CP] Copy Pods Resources */,
			);
			buildRules = (
			);
			dependencies = (
				C3BA8D0D1F120DCD0082CB6C /* PBXTargetDependency */,
			);
			name = GiterTests;
			productName = GiterTests;
			productReference = C3BA8D0B1F120DCD0082CB6C /* GiterTests.xctest */;
			productType = "com.apple.product-type.bundle.unit-test";
		};
		C3BA8D151F120DCD0082CB6C /* GiterUITests */ = {
			isa = PBXNativeTarget;
			buildConfigurationList = C3BA8D251F120DCD0082CB6C /* Build configuration list for PBXNativeTarget "GiterUITests" */;
			buildPhases = (
				B91B42C8C73B5FD4FB472922 /* [CP] Check Pods Manifest.lock */,
				C3BA8D121F120DCD0082CB6C /* Sources */,
				C3BA8D131F120DCD0082CB6C /* Frameworks */,
				C3BA8D141F120DCD0082CB6C /* Resources */,
				3FE8833AE00773018C299F91 /* [CP] Embed Pods Frameworks */,
				36CC147BBABB951334BA4101 /* [CP] Copy Pods Resources */,
			);
			buildRules = (
			);
			dependencies = (
				C3BA8D181F120DCD0082CB6C /* PBXTargetDependency */,
			);
			name = GiterUITests;
			productName = GiterUITests;
			productReference = C3BA8D161F120DCD0082CB6C /* GiterUITests.xctest */;
			productType = "com.apple.product-type.bundle.ui-testing";
		};
/* End PBXNativeTarget section */

/* Begin PBXProject section */
		C3BA8CEF1F120DCD0082CB6C /* Project object */ = {
			isa = PBXProject;
			attributes = {
				LastSwiftUpdateCheck = 0830;
				LastUpgradeCheck = 0830;
				ORGANIZATIONNAME = "Артем Полушин";
				TargetAttributes = {
					C3BA8CF61F120DCD0082CB6C = {
						CreatedOnToolsVersion = 8.3.3;
						LastSwiftMigration = 0830;
						ProvisioningStyle = Automatic;
					};
					C3BA8D0A1F120DCD0082CB6C = {
						CreatedOnToolsVersion = 8.3.3;
						ProvisioningStyle = Automatic;
						TestTargetID = C3BA8CF61F120DCD0082CB6C;
					};
					C3BA8D151F120DCD0082CB6C = {
						CreatedOnToolsVersion = 8.3.3;
						ProvisioningStyle = Automatic;
						TestTargetID = C3BA8CF61F120DCD0082CB6C;
					};
				};
			};
			buildConfigurationList = C3BA8CF21F120DCD0082CB6C /* Build configuration list for PBXProject "Giter" */;
			compatibilityVersion = "Xcode 3.2";
			developmentRegion = English;
			hasScannedForEncodings = 0;
			knownRegions = (
				en,
				Base,
			);
			mainGroup = C3BA8CEE1F120DCD0082CB6C;
			productRefGroup = C3BA8CF81F120DCD0082CB6C /* Products */;
			projectDirPath = "";
			projectRoot = "";
			targets = (
				C3BA8CF61F120DCD0082CB6C /* Giter */,
				C3BA8D0A1F120DCD0082CB6C /* GiterTests */,
				C3BA8D151F120DCD0082CB6C /* GiterUITests */,
			);
		};
/* End PBXProject section */

/* Begin PBXResourcesBuildPhase section */
		C3BA8CF51F120DCD0082CB6C /* Resources */ = {
			isa = PBXResourcesBuildPhase;
			buildActionMask = 2147483647;
			files = (
				C3BA8D051F120DCD0082CB6C /* LaunchScreen.storyboard in Resources */,
				C35F3D471F3C62B200E87A27 /* GoogleService-Info.plist in Resources */,
				C3BA8D021F120DCD0082CB6C /* Assets.xcassets in Resources */,
				C3BA8D001F120DCD0082CB6C /* Main.storyboard in Resources */,
			);
			runOnlyForDeploymentPostprocessing = 0;
		};
		C3BA8D091F120DCD0082CB6C /* Resources */ = {
			isa = PBXResourcesBuildPhase;
			buildActionMask = 2147483647;
			files = (
			);
			runOnlyForDeploymentPostprocessing = 0;
		};
		C3BA8D141F120DCD0082CB6C /* Resources */ = {
			isa = PBXResourcesBuildPhase;
			buildActionMask = 2147483647;
			files = (
			);
			runOnlyForDeploymentPostprocessing = 0;
		};
/* End PBXResourcesBuildPhase section */

/* Begin PBXShellScriptBuildPhase section */
		2C2FF061E5881A63D7ED2132 /* [CP] Embed Pods Frameworks */ = {
			isa = PBXShellScriptBuildPhase;
			buildActionMask = 2147483647;
			files = (
			);
			inputPaths = (
			);
			name = "[CP] Embed Pods Frameworks";
			outputPaths = (
			);
			runOnlyForDeploymentPostprocessing = 0;
			shellPath = /bin/sh;
			shellScript = "\"${SRCROOT}/Pods/Target Support Files/Pods-GiterTests/Pods-GiterTests-frameworks.sh\"\n";
			showEnvVarsInLog = 0;
		};
		36CC147BBABB951334BA4101 /* [CP] Copy Pods Resources */ = {
			isa = PBXShellScriptBuildPhase;
			buildActionMask = 2147483647;
			files = (
			);
			inputPaths = (
			);
			name = "[CP] Copy Pods Resources";
			outputPaths = (
			);
			runOnlyForDeploymentPostprocessing = 0;
			shellPath = /bin/sh;
			shellScript = "\"${SRCROOT}/Pods/Target Support Files/Pods-GiterUITests/Pods-GiterUITests-resources.sh\"\n";
			showEnvVarsInLog = 0;
		};
		3FE8833AE00773018C299F91 /* [CP] Embed Pods Frameworks */ = {
			isa = PBXShellScriptBuildPhase;
			buildActionMask = 2147483647;
			files = (
			);
			inputPaths = (
			);
			name = "[CP] Embed Pods Frameworks";
			outputPaths = (
			);
			runOnlyForDeploymentPostprocessing = 0;
			shellPath = /bin/sh;
			shellScript = "\"${SRCROOT}/Pods/Target Support Files/Pods-GiterUITests/Pods-GiterUITests-frameworks.sh\"\n";
			showEnvVarsInLog = 0;
		};
		466C3560CE4F376B5DB3C441 /* [CP] Copy Pods Resources */ = {
			isa = PBXShellScriptBuildPhase;
			buildActionMask = 2147483647;
			files = (
			);
			inputPaths = (
			);
			name = "[CP] Copy Pods Resources";
			outputPaths = (
			);
			runOnlyForDeploymentPostprocessing = 0;
			shellPath = /bin/sh;
			shellScript = "\"${SRCROOT}/Pods/Target Support Files/Pods-Giter/Pods-Giter-resources.sh\"\n";
			showEnvVarsInLog = 0;
		};
		4A1FE13E946802ABABB2ACFE /* [CP] Copy Pods Resources */ = {
			isa = PBXShellScriptBuildPhase;
			buildActionMask = 2147483647;
			files = (
			);
			inputPaths = (
			);
			name = "[CP] Copy Pods Resources";
			outputPaths = (
			);
			runOnlyForDeploymentPostprocessing = 0;
			shellPath = /bin/sh;
			shellScript = "\"${SRCROOT}/Pods/Target Support Files/Pods-GiterTests/Pods-GiterTests-resources.sh\"\n";
			showEnvVarsInLog = 0;
		};
		5A3F89AFC657A83933F4FCEB /* [CP] Check Pods Manifest.lock */ = {
			isa = PBXShellScriptBuildPhase;
			buildActionMask = 2147483647;
			files = (
			);
			inputPaths = (
			);
			name = "[CP] Check Pods Manifest.lock";
			outputPaths = (
			);
			runOnlyForDeploymentPostprocessing = 0;
			shellPath = /bin/sh;
			shellScript = "diff \"${PODS_PODFILE_DIR_PATH}/Podfile.lock\" \"${PODS_ROOT}/Manifest.lock\" > /dev/null\nif [ $? != 0 ] ; then\n    # print error to STDERR\n    echo \"error: The sandbox is not in sync with the Podfile.lock. Run 'pod install' or update your CocoaPods installation.\" >&2\n    exit 1\nfi\n";
			showEnvVarsInLog = 0;
		};
		AE0E6014E3E994C7AC3D41A0 /* [CP] Check Pods Manifest.lock */ = {
			isa = PBXShellScriptBuildPhase;
			buildActionMask = 2147483647;
			files = (
			);
			inputPaths = (
			);
			name = "[CP] Check Pods Manifest.lock";
			outputPaths = (
			);
			runOnlyForDeploymentPostprocessing = 0;
			shellPath = /bin/sh;
			shellScript = "diff \"${PODS_PODFILE_DIR_PATH}/Podfile.lock\" \"${PODS_ROOT}/Manifest.lock\" > /dev/null\nif [ $? != 0 ] ; then\n    # print error to STDERR\n    echo \"error: The sandbox is not in sync with the Podfile.lock. Run 'pod install' or update your CocoaPods installation.\" >&2\n    exit 1\nfi\n";
			showEnvVarsInLog = 0;
		};
		B91B42C8C73B5FD4FB472922 /* [CP] Check Pods Manifest.lock */ = {
			isa = PBXShellScriptBuildPhase;
			buildActionMask = 2147483647;
			files = (
			);
			inputPaths = (
			);
			name = "[CP] Check Pods Manifest.lock";
			outputPaths = (
			);
			runOnlyForDeploymentPostprocessing = 0;
			shellPath = /bin/sh;
			shellScript = "diff \"${PODS_PODFILE_DIR_PATH}/Podfile.lock\" \"${PODS_ROOT}/Manifest.lock\" > /dev/null\nif [ $? != 0 ] ; then\n    # print error to STDERR\n    echo \"error: The sandbox is not in sync with the Podfile.lock. Run 'pod install' or update your CocoaPods installation.\" >&2\n    exit 1\nfi\n";
			showEnvVarsInLog = 0;
		};
		D85BAF799E75303B90E2190B /* [CP] Embed Pods Frameworks */ = {
			isa = PBXShellScriptBuildPhase;
			buildActionMask = 2147483647;
			files = (
			);
			inputPaths = (
			);
			name = "[CP] Embed Pods Frameworks";
			outputPaths = (
			);
			runOnlyForDeploymentPostprocessing = 0;
			shellPath = /bin/sh;
			shellScript = "\"${SRCROOT}/Pods/Target Support Files/Pods-Giter/Pods-Giter-frameworks.sh\"\n";
			showEnvVarsInLog = 0;
		};
/* End PBXShellScriptBuildPhase section */

/* Begin PBXSourcesBuildPhase section */
		C3BA8CF31F120DCD0082CB6C /* Sources */ = {
			isa = PBXSourcesBuildPhase;
			buildActionMask = 2147483647;
			files = (
				C3BA8CFD1F120DCD0082CB6C /* ViewController.swift in Sources */,
				C3BF2D6E1F1CCD8700AF35D9 /* RepoData.swift in Sources */,
				C3BA8D2B1F1211DD0082CB6C /* ManagerData.swift in Sources */,
				C3E8A6301F36CD7A00B7903A /* FileData.swift in Sources */,
				C3BA8CFB1F120DCD0082CB6C /* AppDelegate.swift in Sources */,
				C39FB7CB1F262A2E000928B2 /* TextViewController.swift in Sources */,
				C3AC5E1F1F33607600284866 /* AccessData.swift in Sources */,
				C35F3D501F3C821F00E87A27 /* LoginViewController.swift in Sources */,
				C3BF2D6C1F1CB30E00AF35D9 /* SelfRepository.swift in Sources */,
			);
			runOnlyForDeploymentPostprocessing = 0;
		};
		C3BA8D071F120DCD0082CB6C /* Sources */ = {
			isa = PBXSourcesBuildPhase;
			buildActionMask = 2147483647;
			files = (
				C3BA8D101F120DCD0082CB6C /* GiterTests.swift in Sources */,
			);
			runOnlyForDeploymentPostprocessing = 0;
		};
		C3BA8D121F120DCD0082CB6C /* Sources */ = {
			isa = PBXSourcesBuildPhase;
			buildActionMask = 2147483647;
			files = (
				C3BA8D1B1F120DCD0082CB6C /* GiterUITests.swift in Sources */,
			);
			runOnlyForDeploymentPostprocessing = 0;
		};
/* End PBXSourcesBuildPhase section */

/* Begin PBXTargetDependency section */
		C3BA8D0D1F120DCD0082CB6C /* PBXTargetDependency */ = {
			isa = PBXTargetDependency;
			target = C3BA8CF61F120DCD0082CB6C /* Giter */;
			targetProxy = C3BA8D0C1F120DCD0082CB6C /* PBXContainerItemProxy */;
		};
		C3BA8D181F120DCD0082CB6C /* PBXTargetDependency */ = {
			isa = PBXTargetDependency;
			target = C3BA8CF61F120DCD0082CB6C /* Giter */;
			targetProxy = C3BA8D171F120DCD0082CB6C /* PBXContainerItemProxy */;
		};
/* End PBXTargetDependency section */

/* Begin PBXVariantGroup section */
		C3BA8CFE1F120DCD0082CB6C /* Main.storyboard */ = {
			isa = PBXVariantGroup;
			children = (
				C3BA8CFF1F120DCD0082CB6C /* Base */,
			);
			name = Main.storyboard;
			sourceTree = "<group>";
		};
		C3BA8D031F120DCD0082CB6C /* LaunchScreen.storyboard */ = {
			isa = PBXVariantGroup;
			children = (
				C3BA8D041F120DCD0082CB6C /* Base */,
			);
			name = LaunchScreen.storyboard;
			sourceTree = "<group>";
		};
/* End PBXVariantGroup section */

/* Begin XCBuildConfiguration section */
		C3BA8D1D1F120DCD0082CB6C /* Debug */ = {
			isa = XCBuildConfiguration;
			buildSettings = {
				ALWAYS_SEARCH_USER_PATHS = NO;
				CLANG_ANALYZER_NONNULL = YES;
				CLANG_ANALYZER_NUMBER_OBJECT_CONVERSION = YES_AGGRESSIVE;
				CLANG_CXX_LANGUAGE_STANDARD = "gnu++0x";
				CLANG_CXX_LIBRARY = "libc++";
				CLANG_ENABLE_MODULES = YES;
				CLANG_ENABLE_OBJC_ARC = YES;
				CLANG_WARN_BOOL_CONVERSION = YES;
				CLANG_WARN_CONSTANT_CONVERSION = YES;
				CLANG_WARN_DIRECT_OBJC_ISA_USAGE = YES_ERROR;
				CLANG_WARN_DOCUMENTATION_COMMENTS = YES;
				CLANG_WARN_EMPTY_BODY = YES;
				CLANG_WARN_ENUM_CONVERSION = YES;
				CLANG_WARN_INFINITE_RECURSION = YES;
				CLANG_WARN_INT_CONVERSION = YES;
				CLANG_WARN_OBJC_ROOT_CLASS = YES_ERROR;
				CLANG_WARN_SUSPICIOUS_MOVE = YES;
				CLANG_WARN_UNREACHABLE_CODE = YES;
				CLANG_WARN__DUPLICATE_METHOD_MATCH = YES;
				"CODE_SIGN_IDENTITY[sdk=iphoneos*]" = "iPhone Developer";
				COPY_PHASE_STRIP = NO;
				DEBUG_INFORMATION_FORMAT = dwarf;
				ENABLE_STRICT_OBJC_MSGSEND = YES;
				ENABLE_TESTABILITY = YES;
				GCC_C_LANGUAGE_STANDARD = gnu99;
				GCC_DYNAMIC_NO_PIC = NO;
				GCC_NO_COMMON_BLOCKS = YES;
				GCC_OPTIMIZATION_LEVEL = 0;
				GCC_PREPROCESSOR_DEFINITIONS = (
					"DEBUG=1",
					"$(inherited)",
				);
				GCC_WARN_64_TO_32_BIT_CONVERSION = YES;
				GCC_WARN_ABOUT_RETURN_TYPE = YES_ERROR;
				GCC_WARN_UNDECLARED_SELECTOR = YES;
				GCC_WARN_UNINITIALIZED_AUTOS = YES_AGGRESSIVE;
				GCC_WARN_UNUSED_FUNCTION = YES;
				GCC_WARN_UNUSED_VARIABLE = YES;
				IPHONEOS_DEPLOYMENT_TARGET = 10.3;
				MTL_ENABLE_DEBUG_INFO = YES;
				ONLY_ACTIVE_ARCH = YES;
				SDKROOT = iphoneos;
				SWIFT_ACTIVE_COMPILATION_CONDITIONS = DEBUG;
				SWIFT_OPTIMIZATION_LEVEL = "-Onone";
			};
			name = Debug;
		};
		C3BA8D1E1F120DCD0082CB6C /* Release */ = {
			isa = XCBuildConfiguration;
			buildSettings = {
				ALWAYS_SEARCH_USER_PATHS = NO;
				CLANG_ANALYZER_NONNULL = YES;
				CLANG_ANALYZER_NUMBER_OBJECT_CONVERSION = YES_AGGRESSIVE;
				CLANG_CXX_LANGUAGE_STANDARD = "gnu++0x";
				CLANG_CXX_LIBRARY = "libc++";
				CLANG_ENABLE_MODULES = YES;
				CLANG_ENABLE_OBJC_ARC = YES;
				CLANG_WARN_BOOL_CONVERSION = YES;
				CLANG_WARN_CONSTANT_CONVERSION = YES;
				CLANG_WARN_DIRECT_OBJC_ISA_USAGE = YES_ERROR;
				CLANG_WARN_DOCUMENTATION_COMMENTS = YES;
				CLANG_WARN_EMPTY_BODY = YES;
				CLANG_WARN_ENUM_CONVERSION = YES;
				CLANG_WARN_INFINITE_RECURSION = YES;
				CLANG_WARN_INT_CONVERSION = YES;
				CLANG_WARN_OBJC_ROOT_CLASS = YES_ERROR;
				CLANG_WARN_SUSPICIOUS_MOVE = YES;
				CLANG_WARN_UNREACHABLE_CODE = YES;
				CLANG_WARN__DUPLICATE_METHOD_MATCH = YES;
				"CODE_SIGN_IDENTITY[sdk=iphoneos*]" = "iPhone Developer";
				COPY_PHASE_STRIP = NO;
				DEBUG_INFORMATION_FORMAT = "dwarf-with-dsym";
				ENABLE_NS_ASSERTIONS = NO;
				ENABLE_STRICT_OBJC_MSGSEND = YES;
				GCC_C_LANGUAGE_STANDARD = gnu99;
				GCC_NO_COMMON_BLOCKS = YES;
				GCC_WARN_64_TO_32_BIT_CONVERSION = YES;
				GCC_WARN_ABOUT_RETURN_TYPE = YES_ERROR;
				GCC_WARN_UNDECLARED_SELECTOR = YES;
				GCC_WARN_UNINITIALIZED_AUTOS = YES_AGGRESSIVE;
				GCC_WARN_UNUSED_FUNCTION = YES;
				GCC_WARN_UNUSED_VARIABLE = YES;
				IPHONEOS_DEPLOYMENT_TARGET = 10.3;
				MTL_ENABLE_DEBUG_INFO = NO;
				SDKROOT = iphoneos;
				SWIFT_OPTIMIZATION_LEVEL = "-Owholemodule";
				VALIDATE_PRODUCT = YES;
			};
			name = Release;
		};
		C3BA8D201F120DCD0082CB6C /* Debug */ = {
			isa = XCBuildConfiguration;
			baseConfigurationReference = DDDD20B8055AD90C054C0769 /* Pods-Giter.debug.xcconfig */;
			buildSettings = {
				ASSETCATALOG_COMPILER_APPICON_NAME = AppIcon;
				CLANG_ENABLE_MODULES = YES;
				INFOPLIST_FILE = Giter/Info.plist;
				LD_RUNPATH_SEARCH_PATHS = "$(inherited) @executable_path/Frameworks";
				PRODUCT_BUNDLE_IDENTIFIER = com.Giter;
				PRODUCT_NAME = "$(TARGET_NAME)";
				SWIFT_OBJC_BRIDGING_HEADER = "Giter/Giter-Bridging-Header.h";
				SWIFT_OPTIMIZATION_LEVEL = "-Onone";
				SWIFT_VERSION = 3.0;
			};
			name = Debug;
		};
		C3BA8D211F120DCD0082CB6C /* Release */ = {
			isa = XCBuildConfiguration;
			baseConfigurationReference = 1F9D049B7A918BFF431EAE6F /* Pods-Giter.release.xcconfig */;
			buildSettings = {
				ASSETCATALOG_COMPILER_APPICON_NAME = AppIcon;
				CLANG_ENABLE_MODULES = YES;
				INFOPLIST_FILE = Giter/Info.plist;
				LD_RUNPATH_SEARCH_PATHS = "$(inherited) @executable_path/Frameworks";
				PRODUCT_BUNDLE_IDENTIFIER = com.Giter;
				PRODUCT_NAME = "$(TARGET_NAME)";
				SWIFT_OBJC_BRIDGING_HEADER = "Giter/Giter-Bridging-Header.h";
				SWIFT_VERSION = 3.0;
			};
			name = Release;
		};
		C3BA8D231F120DCD0082CB6C /* Debug */ = {
			isa = XCBuildConfiguration;
			baseConfigurationReference = 63A980C46EF117EFB6467F8A /* Pods-GiterTests.debug.xcconfig */;
			buildSettings = {
				ALWAYS_EMBED_SWIFT_STANDARD_LIBRARIES = YES;
				BUNDLE_LOADER = "$(TEST_HOST)";
				INFOPLIST_FILE = GiterTests/Info.plist;
				LD_RUNPATH_SEARCH_PATHS = "$(inherited) @executable_path/Frameworks @loader_path/Frameworks";
				PRODUCT_BUNDLE_IDENTIFIER = com.GiterTests;
				PRODUCT_NAME = "$(TARGET_NAME)";
				SWIFT_VERSION = 3.0;
				TEST_HOST = "$(BUILT_PRODUCTS_DIR)/Giter.app/Giter";
			};
			name = Debug;
		};
		C3BA8D241F120DCD0082CB6C /* Release */ = {
			isa = XCBuildConfiguration;
			baseConfigurationReference = 9119DF54D1E3A31DA453E560 /* Pods-GiterTests.release.xcconfig */;
			buildSettings = {
				ALWAYS_EMBED_SWIFT_STANDARD_LIBRARIES = YES;
				BUNDLE_LOADER = "$(TEST_HOST)";
				INFOPLIST_FILE = GiterTests/Info.plist;
				LD_RUNPATH_SEARCH_PATHS = "$(inherited) @executable_path/Frameworks @loader_path/Frameworks";
				PRODUCT_BUNDLE_IDENTIFIER = com.GiterTests;
				PRODUCT_NAME = "$(TARGET_NAME)";
				SWIFT_VERSION = 3.0;
				TEST_HOST = "$(BUILT_PRODUCTS_DIR)/Giter.app/Giter";
			};
			name = Release;
		};
		C3BA8D261F120DCD0082CB6C /* Debug */ = {
			isa = XCBuildConfiguration;
			baseConfigurationReference = 251A053D720D5DE50F6A38A2 /* Pods-GiterUITests.debug.xcconfig */;
			buildSettings = {
				ALWAYS_EMBED_SWIFT_STANDARD_LIBRARIES = YES;
				INFOPLIST_FILE = GiterUITests/Info.plist;
				LD_RUNPATH_SEARCH_PATHS = "$(inherited) @executable_path/Frameworks @loader_path/Frameworks";
				PRODUCT_BUNDLE_IDENTIFIER = com.GiterUITests;
				PRODUCT_NAME = "$(TARGET_NAME)";
				SWIFT_VERSION = 3.0;
				TEST_TARGET_NAME = Giter;
			};
			name = Debug;
		};
		C3BA8D271F120DCD0082CB6C /* Release */ = {
			isa = XCBuildConfiguration;
			baseConfigurationReference = 1D63590375DF7CC1AC97B746 /* Pods-GiterUITests.release.xcconfig */;
			buildSettings = {
				ALWAYS_EMBED_SWIFT_STANDARD_LIBRARIES = YES;
				INFOPLIST_FILE = GiterUITests/Info.plist;
				LD_RUNPATH_SEARCH_PATHS = "$(inherited) @executable_path/Frameworks @loader_path/Frameworks";
				PRODUCT_BUNDLE_IDENTIFIER = com.GiterUITests;
				PRODUCT_NAME = "$(TARGET_NAME)";
				SWIFT_VERSION = 3.0;
				TEST_TARGET_NAME = Giter;
			};
			name = Release;
		};
/* End XCBuildConfiguration section */

/* Begin XCConfigurationList section */
		C3BA8CF21F120DCD0082CB6C /* Build configuration list for PBXProject "Giter" */ = {
			isa = XCConfigurationList;
			buildConfigurations = (
				C3BA8D1D1F120DCD0082CB6C /* Debug */,
				C3BA8D1E1F120DCD0082CB6C /* Release */,
			);
			defaultConfigurationIsVisible = 0;
			defaultConfigurationName = Release;
		};
		C3BA8D1F1F120DCD0082CB6C /* Build configuration list for PBXNativeTarget "Giter" */ = {
			isa = XCConfigurationList;
			buildConfigurations = (
				C3BA8D201F120DCD0082CB6C /* Debug */,
				C3BA8D211F120DCD0082CB6C /* Release */,
			);
			defaultConfigurationIsVisible = 0;
			defaultConfigurationName = Release;
		};
		C3BA8D221F120DCD0082CB6C /* Build configuration list for PBXNativeTarget "GiterTests" */ = {
			isa = XCConfigurationList;
			buildConfigurations = (
				C3BA8D231F120DCD0082CB6C /* Debug */,
				C3BA8D241F120DCD0082CB6C /* Release */,
			);
			defaultConfigurationIsVisible = 0;
			defaultConfigurationName = Release;
		};
		C3BA8D251F120DCD0082CB6C /* Build configuration list for PBXNativeTarget "GiterUITests" */ = {
			isa = XCConfigurationList;
			buildConfigurations = (
				C3BA8D261F120DCD0082CB6C /* Debug */,
				C3BA8D271F120DCD0082CB6C /* Release */,
			);
			defaultConfigurationIsVisible = 0;
			defaultConfigurationName = Release;
		};
/* End XCConfigurationList section */
	};
	rootObject = C3BA8CEF1F120DCD0082CB6C /* Project object */;
}
